
Microsoft Visual Studio Solution File, Format Version 12.00
# Visual Studio Version 17
VisualStudioVersion = 17.1.32228.430
MinimumVisualStudioVersion = 15.0.26124.0
Project("{9A19103F-16F7-4668-BE54-9A1E7A4F7556}") = "ESourcing.Products", "ESourcing.Products\ESourcing.Products.csproj", "{1240511D-95CD-4725-BD39-94B1CF43A13A}"
EndProject
Project("{2150E333-8FDC-42A3-9474-1A3956D46DE8}") = "Products", "Products", "{D1BF58EA-E06E-4223-BC55-A918638160F6}"
EndProject
Project("{2150E333-8FDC-42A3-9474-1A3956D46DE8}") = "src", "src", "{A754FFA4-1AFF-49FA-AD2E-6B87C1C61AF5}"
EndProject
Project("{2150E333-8FDC-42A3-9474-1A3956D46DE8}") = "ApiGateway", "ApiGateway", "{35CF8C61-6050-49FE-AAE8-C2BD645C1B3B}"
EndProject
Project("{2150E333-8FDC-42A3-9474-1A3956D46DE8}") = "Services", "Services", "{2442E6D5-601E-45CD-9DCB-8356CFC1DDF0}"
EndProject
Project("{2150E333-8FDC-42A3-9474-1A3956D46DE8}") = "WebApp", "WebApp", "{5767443B-8A67-418B-B509-D0F79B6C99FD}"
EndProject
Project("{2150E333-8FDC-42A3-9474-1A3956D46DE8}") = "Common", "Common", "{3EA576C0-99B7-4ADB-B9A5-C4DCC16DC361}"
EndProject
Project("{2150E333-8FDC-42A3-9474-1A3956D46DE8}") = "Order", "Order", "{6525EDED-ED62-49BF-BBCC-1D0B19AA2AA7}"
EndProject
Project("{2150E333-8FDC-42A3-9474-1A3956D46DE8}") = "Sourcing", "Sourcing", "{BB1D96BE-F6A4-4870-83F7-5C197A29B6BE}"
EndProject
Project("{E53339B2-1760-4266-BCC7-CA923CBCF16C}") = "docker-compose", "docker-compose.dcproj", "{69F70A23-774B-45E3-A753-73DEDAE266D6}"
EndProject
Project("{9A19103F-16F7-4668-BE54-9A1E7A4F7556}") = "Esourcing.Sourcing", "Esourcing.Sourcing\Esourcing.Sourcing.csproj", "{91EDC451-9B59-46F7-90B1-C91DCCFF7924}"
EndProject
Project("{9A19103F-16F7-4668-BE54-9A1E7A4F7556}") = "EventBusRabbitMQ", "EventBusRabbitMQ\EventBusRabbitMQ.csproj", "{D559CCCB-3D12-4A52-84D8-C271FFC5AAF6}"
EndProject
Project("{FAE04EC0-301F-11D3-BF4B-00C04F79EFBC}") = "ESourcing.Order", "ESourcing.Order\ESourcing.Order.csproj", "{33D42EC1-17D1-4F5D-AA29-694BF2CF75B6}"
EndProject
Project("{FAE04EC0-301F-11D3-BF4B-00C04F79EFBC}") = "Ordering.Domain", "Ordering.Domain\Ordering.Domain.csproj", "{E38E4ECB-7599-44AC-A54F-6CCDC3C45353}"
EndProject
Project("{FAE04EC0-301F-11D3-BF4B-00C04F79EFBC}") = "Ordering.Application", "Odering.Application\Ordering.Application.csproj", "{41052FB7-B348-4E37-B2B8-405D3250343E}"
EndProject
Project("{FAE04EC0-301F-11D3-BF4B-00C04F79EFBC}") = "Ordering.Infrastructure", "Ordering.Infrastructure\Ordering.Infrastructure.csproj", "{06E47CA3-F64B-4B5C-82F9-42B1B7A3F0AA}"
EndProject
Project("{FAE04EC0-301F-11D3-BF4B-00C04F79EFBC}") = "ESourcing.APIGateway", "ESourcing.APIGateway\ESourcing.APIGateway.csproj", "{11F662C9-84DD-4866-8899-DE921BDFF50D}"
EndProject
Global
	GlobalSection(SolutionConfigurationPlatforms) = preSolution
		Debug|Any CPU = Debug|Any CPU
		Debug|x64 = Debug|x64
		Debug|x86 = Debug|x86
		Release|Any CPU = Release|Any CPU
		Release|x64 = Release|x64
		Release|x86 = Release|x86
	EndGlobalSection
	GlobalSection(ProjectConfigurationPlatforms) = postSolution
		{1240511D-95CD-4725-BD39-94B1CF43A13A}.Debug|Any CPU.ActiveCfg = Debug|Any CPU
		{1240511D-95CD-4725-BD39-94B1CF43A13A}.Debug|Any CPU.Build.0 = Debug|Any CPU
		{1240511D-95CD-4725-BD39-94B1CF43A13A}.Debug|x64.ActiveCfg = Debug|Any CPU
		{1240511D-95CD-4725-BD39-94B1CF43A13A}.Debug|x64.Build.0 = Debug|Any CPU
		{1240511D-95CD-4725-BD39-94B1CF43A13A}.Debug|x86.ActiveCfg = Debug|Any CPU
		{1240511D-95CD-4725-BD39-94B1CF43A13A}.Debug|x86.Build.0 = Debug|Any CPU
		{1240511D-95CD-4725-BD39-94B1CF43A13A}.Release|Any CPU.ActiveCfg = Release|Any CPU
		{1240511D-95CD-4725-BD39-94B1CF43A13A}.Release|Any CPU.Build.0 = Release|Any CPU
		{1240511D-95CD-4725-BD39-94B1CF43A13A}.Release|x64.ActiveCfg = Release|Any CPU
		{1240511D-95CD-4725-BD39-94B1CF43A13A}.Release|x64.Build.0 = Release|Any CPU
		{1240511D-95CD-4725-BD39-94B1CF43A13A}.Release|x86.ActiveCfg = Release|Any CPU
		{1240511D-95CD-4725-BD39-94B1CF43A13A}.Release|x86.Build.0 = Release|Any CPU
		{69F70A23-774B-45E3-A753-73DEDAE266D6}.Debug|Any CPU.ActiveCfg = Debug|Any CPU
		{69F70A23-774B-45E3-A753-73DEDAE266D6}.Debug|Any CPU.Build.0 = Debug|Any CPU
		{69F70A23-774B-45E3-A753-73DEDAE266D6}.Debug|x64.ActiveCfg = Debug|Any CPU
		{69F70A23-774B-45E3-A753-73DEDAE266D6}.Debug|x64.Build.0 = Debug|Any CPU
		{69F70A23-774B-45E3-A753-73DEDAE266D6}.Debug|x86.ActiveCfg = Debug|Any CPU
		{69F70A23-774B-45E3-A753-73DEDAE266D6}.Debug|x86.Build.0 = Debug|Any CPU
		{69F70A23-774B-45E3-A753-73DEDAE266D6}.Release|Any CPU.ActiveCfg = Release|Any CPU
		{69F70A23-774B-45E3-A753-73DEDAE266D6}.Release|Any CPU.Build.0 = Release|Any CPU
		{69F70A23-774B-45E3-A753-73DEDAE266D6}.Release|x64.ActiveCfg = Release|Any CPU
		{69F70A23-774B-45E3-A753-73DEDAE266D6}.Release|x64.Build.0 = Release|Any CPU
		{69F70A23-774B-45E3-A753-73DEDAE266D6}.Release|x86.ActiveCfg = Release|Any CPU
		{69F70A23-774B-45E3-A753-73DEDAE266D6}.Release|x86.Build.0 = Release|Any CPU
		{91EDC451-9B59-46F7-90B1-C91DCCFF7924}.Debug|Any CPU.ActiveCfg = Debug|Any CPU
		{91EDC451-9B59-46F7-90B1-C91DCCFF7924}.Debug|Any CPU.Build.0 = Debug|Any CPU
		{91EDC451-9B59-46F7-90B1-C91DCCFF7924}.Debug|x64.ActiveCfg = Debug|Any CPU
		{91EDC451-9B59-46F7-90B1-C91DCCFF7924}.Debug|x64.Build.0 = Debug|Any CPU
		{91EDC451-9B59-46F7-90B1-C91DCCFF7924}.Debug|x86.ActiveCfg = Debug|Any CPU
		{91EDC451-9B59-46F7-90B1-C91DCCFF7924}.Debug|x86.Build.0 = Debug|Any CPU
		{91EDC451-9B59-46F7-90B1-C91DCCFF7924}.Release|Any CPU.ActiveCfg = Release|Any CPU
		{91EDC451-9B59-46F7-90B1-C91DCCFF7924}.Release|Any CPU.Build.0 = Release|Any CPU
		{91EDC451-9B59-46F7-90B1-C91DCCFF7924}.Release|x64.ActiveCfg = Release|Any CPU
		{91EDC451-9B59-46F7-90B1-C91DCCFF7924}.Release|x64.Build.0 = Release|Any CPU
		{91EDC451-9B59-46F7-90B1-C91DCCFF7924}.Release|x86.ActiveCfg = Release|Any CPU
		{91EDC451-9B59-46F7-90B1-C91DCCFF7924}.Release|x86.Build.0 = Release|Any CPU
		{D559CCCB-3D12-4A52-84D8-C271FFC5AAF6}.Debug|Any CPU.ActiveCfg = Debug|Any CPU
		{D559CCCB-3D12-4A52-84D8-C271FFC5AAF6}.Debug|Any CPU.Build.0 = Debug|Any CPU
		{D559CCCB-3D12-4A52-84D8-C271FFC5AAF6}.Debug|x64.ActiveCfg = Debug|Any CPU
		{D559CCCB-3D12-4A52-84D8-C271FFC5AAF6}.Debug|x64.Build.0 = Debug|Any CPU
		{D559CCCB-3D12-4A52-84D8-C271FFC5AAF6}.Debug|x86.ActiveCfg = Debug|Any CPU
		{D559CCCB-3D12-4A52-84D8-C271FFC5AAF6}.Debug|x86.Build.0 = Debug|Any CPU
		{D559CCCB-3D12-4A52-84D8-C271FFC5AAF6}.Release|Any CPU.ActiveCfg = Release|Any CPU
		{D559CCCB-3D12-4A52-84D8-C271FFC5AAF6}.Release|Any CPU.Build.0 = Release|Any CPU
		{D559CCCB-3D12-4A52-84D8-C271FFC5AAF6}.Release|x64.ActiveCfg = Release|Any CPU
		{D559CCCB-3D12-4A52-84D8-C271FFC5AAF6}.Release|x64.Build.0 = Release|Any CPU
		{D559CCCB-3D12-4A52-84D8-C271FFC5AAF6}.Release|x86.ActiveCfg = Release|Any CPU
		{D559CCCB-3D12-4A52-84D8-C271FFC5AAF6}.Release|x86.Build.0 = Release|Any CPU
		{33D42EC1-17D1-4F5D-AA29-694BF2CF75B6}.Debug|Any CPU.ActiveCfg = Debug|Any CPU
		{33D42EC1-17D1-4F5D-AA29-694BF2CF75B6}.Debug|Any CPU.Build.0 = Debug|Any CPU
		{33D42EC1-17D1-4F5D-AA29-694BF2CF75B6}.Debug|x64.ActiveCfg = Debug|Any CPU
		{33D42EC1-17D1-4F5D-AA29-694BF2CF75B6}.Debug|x64.Build.0 = Debug|Any CPU
		{33D42EC1-17D1-4F5D-AA29-694BF2CF75B6}.Debug|x86.ActiveCfg = Debug|Any CPU
		{33D42EC1-17D1-4F5D-AA29-694BF2CF75B6}.Debug|x86.Build.0 = Debug|Any CPU
		{33D42EC1-17D1-4F5D-AA29-694BF2CF75B6}.Release|Any CPU.ActiveCfg = Release|Any CPU
		{33D42EC1-17D1-4F5D-AA29-694BF2CF75B6}.Release|Any CPU.Build.0 = Release|Any CPU
		{33D42EC1-17D1-4F5D-AA29-694BF2CF75B6}.Release|x64.ActiveCfg = Release|Any CPU
		{33D42EC1-17D1-4F5D-AA29-694BF2CF75B6}.Release|x64.Build.0 = Release|Any CPU
		{33D42EC1-17D1-4F5D-AA29-694BF2CF75B6}.Release|x86.ActiveCfg = Release|Any CPU
		{33D42EC1-17D1-4F5D-AA29-694BF2CF75B6}.Release|x86.Build.0 = Release|Any CPU
		{E38E4ECB-7599-44AC-A54F-6CCDC3C45353}.Debug|Any CPU.ActiveCfg = Debug|Any CPU
		{E38E4ECB-7599-44AC-A54F-6CCDC3C45353}.Debug|Any CPU.Build.0 = Debug|Any CPU
		{E38E4ECB-7599-44AC-A54F-6CCDC3C45353}.Debug|x64.ActiveCfg = Debug|Any CPU
		{E38E4ECB-7599-44AC-A54F-6CCDC3C45353}.Debug|x64.Build.0 = Debug|Any CPU
		{E38E4ECB-7599-44AC-A54F-6CCDC3C45353}.Debug|x86.ActiveCfg = Debug|Any CPU
		{E38E4ECB-7599-44AC-A54F-6CCDC3C45353}.Debug|x86.Build.0 = Debug|Any CPU
		{E38E4ECB-7599-44AC-A54F-6CCDC3C45353}.Release|Any CPU.ActiveCfg = Release|Any CPU
		{E38E4ECB-7599-44AC-A54F-6CCDC3C45353}.Release|Any CPU.Build.0 = Release|Any CPU
		{E38E4ECB-7599-44AC-A54F-6CCDC3C45353}.Release|x64.ActiveCfg = Release|Any CPU
		{E38E4ECB-7599-44AC-A54F-6CCDC3C45353}.Release|x64.Build.0 = Release|Any CPU
		{E38E4ECB-7599-44AC-A54F-6CCDC3C45353}.Release|x86.ActiveCfg = Release|Any CPU
		{E38E4ECB-7599-44AC-A54F-6CCDC3C45353}.Release|x86.Build.0 = Release|Any CPU
		{41052FB7-B348-4E37-B2B8-405D3250343E}.Debug|Any CPU.ActiveCfg = Debug|Any CPU
		{41052FB7-B348-4E37-B2B8-405D3250343E}.Debug|Any CPU.Build.0 = Debug|Any CPU
		{41052FB7-B348-4E37-B2B8-405D3250343E}.Debug|x64.ActiveCfg = Debug|Any CPU
		{41052FB7-B348-4E37-B2B8-405D3250343E}.Debug|x64.Build.0 = Debug|Any CPU
		{41052FB7-B348-4E37-B2B8-405D3250343E}.Debug|x86.ActiveCfg = Debug|Any CPU
		{41052FB7-B348-4E37-B2B8-405D3250343E}.Debug|x86.Build.0 = Debug|Any CPU
		{41052FB7-B348-4E37-B2B8-405D3250343E}.Release|Any CPU.ActiveCfg = Release|Any CPU
		{41052FB7-B348-4E37-B2B8-405D3250343E}.Release|Any CPU.Build.0 = Release|Any CPU
		{41052FB7-B348-4E37-B2B8-405D3250343E}.Release|x64.ActiveCfg = Release|Any CPU
		{41052FB7-B348-4E37-B2B8-405D3250343E}.Release|x64.Build.0 = Release|Any CPU
		{41052FB7-B348-4E37-B2B8-405D3250343E}.Release|x86.ActiveCfg = Release|Any CPU
		{41052FB7-B348-4E37-B2B8-405D3250343E}.Release|x86.Build.0 = Release|Any CPU
		{06E47CA3-F64B-4B5C-82F9-42B1B7A3F0AA}.Debug|Any CPU.ActiveCfg = Debug|Any CPU
		{06E47CA3-F64B-4B5C-82F9-42B1B7A3F0AA}.Debug|Any CPU.Build.0 = Debug|Any CPU
		{06E47CA3-F64B-4B5C-82F9-42B1B7A3F0AA}.Debug|x64.ActiveCfg = Debug|Any CPU
		{06E47CA3-F64B-4B5C-82F9-42B1B7A3F0AA}.Debug|x64.Build.0 = Debug|Any CPU
		{06E47CA3-F64B-4B5C-82F9-42B1B7A3F0AA}.Debug|x86.ActiveCfg = Debug|Any CPU
		{06E47CA3-F64B-4B5C-82F9-42B1B7A3F0AA}.Debug|x86.Build.0 = Debug|Any CPU
		{06E47CA3-F64B-4B5C-82F9-42B1B7A3F0AA}.Release|Any CPU.ActiveCfg = Release|Any CPU
		{06E47CA3-F64B-4B5C-82F9-42B1B7A3F0AA}.Release|Any CPU.Build.0 = Release|Any CPU
		{06E47CA3-F64B-4B5C-82F9-42B1B7A3F0AA}.Release|x64.ActiveCfg = Release|Any CPU
		{06E47CA3-F64B-4B5C-82F9-42B1B7A3F0AA}.Release|x64.Build.0 = Release|Any CPU
		{06E47CA3-F64B-4B5C-82F9-42B1B7A3F0AA}.Release|x86.ActiveCfg = Release|Any CPU
		{06E47CA3-F64B-4B5C-82F9-42B1B7A3F0AA}.Release|x86.Build.0 = Release|Any CPU
		{11F662C9-84DD-4866-8899-DE921BDFF50D}.Debug|Any CPU.ActiveCfg = Debug|Any CPU
		{11F662C9-84DD-4866-8899-DE921BDFF50D}.Debug|Any CPU.Build.0 = Debug|Any CPU
		{11F662C9-84DD-4866-8899-DE921BDFF50D}.Debug|x64.ActiveCfg = Debug|Any CPU
		{11F662C9-84DD-4866-8899-DE921BDFF50D}.Debug|x64.Build.0 = Debug|Any CPU
		{11F662C9-84DD-4866-8899-DE921BDFF50D}.Debug|x86.ActiveCfg = Debug|Any CPU
		{11F662C9-84DD-4866-8899-DE921BDFF50D}.Debug|x86.Build.0 = Debug|Any CPU
		{11F662C9-84DD-4866-8899-DE921BDFF50D}.Release|Any CPU.ActiveCfg = Release|Any CPU
		{11F662C9-84DD-4866-8899-DE921BDFF50D}.Release|Any CPU.Build.0 = Release|Any CPU
		{11F662C9-84DD-4866-8899-DE921BDFF50D}.Release|x64.ActiveCfg = Release|Any CPU
		{11F662C9-84DD-4866-8899-DE921BDFF50D}.Release|x64.Build.0 = Release|Any CPU
		{11F662C9-84DD-4866-8899-DE921BDFF50D}.Release|x86.ActiveCfg = Release|Any CPU
		{11F662C9-84DD-4866-8899-DE921BDFF50D}.Release|x86.Build.0 = Release|Any CPU
	EndGlobalSection
	GlobalSection(SolutionProperties) = preSolution
		HideSolutionNode = FALSE
	EndGlobalSection
	GlobalSection(NestedProjects) = preSolution
		{1240511D-95CD-4725-BD39-94B1CF43A13A} = {D1BF58EA-E06E-4223-BC55-A918638160F6}
		{D1BF58EA-E06E-4223-BC55-A918638160F6} = {2442E6D5-601E-45CD-9DCB-8356CFC1DDF0}
		{35CF8C61-6050-49FE-AAE8-C2BD645C1B3B} = {A754FFA4-1AFF-49FA-AD2E-6B87C1C61AF5}
		{2442E6D5-601E-45CD-9DCB-8356CFC1DDF0} = {A754FFA4-1AFF-49FA-AD2E-6B87C1C61AF5}
		{5767443B-8A67-418B-B509-D0F79B6C99FD} = {A754FFA4-1AFF-49FA-AD2E-6B87C1C61AF5}
		{3EA576C0-99B7-4ADB-B9A5-C4DCC16DC361} = {2442E6D5-601E-45CD-9DCB-8356CFC1DDF0}
		{6525EDED-ED62-49BF-BBCC-1D0B19AA2AA7} = {2442E6D5-601E-45CD-9DCB-8356CFC1DDF0}
		{BB1D96BE-F6A4-4870-83F7-5C197A29B6BE} = {2442E6D5-601E-45CD-9DCB-8356CFC1DDF0}
		{91EDC451-9B59-46F7-90B1-C91DCCFF7924} = {BB1D96BE-F6A4-4870-83F7-5C197A29B6BE}
		{D559CCCB-3D12-4A52-84D8-C271FFC5AAF6} = {3EA576C0-99B7-4ADB-B9A5-C4DCC16DC361}
		{33D42EC1-17D1-4F5D-AA29-694BF2CF75B6} = {6525EDED-ED62-49BF-BBCC-1D0B19AA2AA7}
		{E38E4ECB-7599-44AC-A54F-6CCDC3C45353} = {6525EDED-ED62-49BF-BBCC-1D0B19AA2AA7}
		{41052FB7-B348-4E37-B2B8-405D3250343E} = {6525EDED-ED62-49BF-BBCC-1D0B19AA2AA7}
		{06E47CA3-F64B-4B5C-82F9-42B1B7A3F0AA} = {6525EDED-ED62-49BF-BBCC-1D0B19AA2AA7}
		{11F662C9-84DD-4866-8899-DE921BDFF50D} = {35CF8C61-6050-49FE-AAE8-C2BD645C1B3B}
	EndGlobalSection
	GlobalSection(ExtensibilityGlobals) = postSolution
		SolutionGuid = {CF149407-8FA1-4D00-9825-6FAF36AB57C8}
	EndGlobalSection
EndGlobal
